
Microsoft Visual Studio Solution File, Format Version 12.00
# Visual Studio Version 17
VisualStudioVersion = 17.1.32421.90
MinimumVisualStudioVersion = 10.0.40219.1
Project("{FAE04EC0-301F-11D3-BF4B-00C04F79EFBC}") = "IMS.Web", "IMS.Web\IMS.Web.csproj", "{71C7875E-2751-4C22-BEE0-EC4F19F49E16}"
EndProject
Global
	GlobalSection(SolutionConfigurationPlatforms) = preSolution
		Debug|Any CPU = Debug|Any CPU
		Release|Any CPU = Release|Any CPU
	EndGlobalSection
	GlobalSection(ProjectConfigurationPlatforms) = postSolution
		{71C7875E-2751-4C22-BEE0-EC4F19F49E16}.Debug|Any CPU.ActiveCfg = Debug|Any CPU
		{71C7875E-2751-4C22-BEE0-EC4F19F49E16}.Debug|Any CPU.Build.0 = Debug|Any CPU
		{71C7875E-2751-4C22-BEE0-EC4F19F49E16}.Release|Any CPU.ActiveCfg = Release|Any CPU
		{71C7875E-2751-4C22-BEE0-EC4F19F49E16}.Release|Any CPU.Build.0 = Release|Any CPU
	EndGlobalSection
	GlobalSection(SolutionProperties) = preSolution
		HideSolutionNode = FALSE
	EndGlobalSection
	GlobalSection(ExtensibilityGlobals) = postSolution
		SolutionGuid = {313DA8F9-C72C-4F53-AF4E-046E5F079F32}
	EndGlobalSection
EndGlobal
